
Microsoft Visual Studio Solution File, Format Version 12.00
# Visual Studio Version 17
VisualStudioVersion = 17.0.31903.59
MinimumVisualStudioVersion = 10.0.40219.1
Project("{2150E333-8FDC-42A3-9474-1A3956D46DE8}") = "School", "School", "{711225BC-6DFA-4B87-8CAA-D687788F8B18}"
EndProject
Project("{2150E333-8FDC-42A3-9474-1A3956D46DE8}") = "src", "src", "{DF23F84E-D8A2-4D1E-8977-E6A724FF37E1}"
EndProject
Project("{2150E333-8FDC-42A3-9474-1A3956D46DE8}") = "Services", "Services", "{BDEA4B66-BBAC-4561-8091-D0CC22DF40DE}"
EndProject
Project("{2150E333-8FDC-42A3-9474-1A3956D46DE8}") = "Transportation", "Transportation", "{B58E7554-F4E2-4B33-BAA2-C22677762074}"
EndProject
Project("{9A19103F-16F7-4668-BE54-9A1E7A4F7556}") = "Apis", "src\Apis\Apis.csproj", "{B09B141A-E535-4DAC-B9D0-92E1E2A4BB10}"
EndProject
Project("{9A19103F-16F7-4668-BE54-9A1E7A4F7556}") = "Core", "src\Core\Core.csproj", "{A71EB1C7-A53C-42DB-8901-3193D066C7FA}"
EndProject
Project("{9A19103F-16F7-4668-BE54-9A1E7A4F7556}") = "School.Application", "src\Services\School\School.Application\School.Application.csproj", "{B7EAD1BE-24BB-4544-84EE-48DB962EF28C}"
EndProject
Project("{9A19103F-16F7-4668-BE54-9A1E7A4F7556}") = "School.Domain", "src\Services\School\School.Domain\School.Domain.csproj", "{D4763F77-7EAD-4C03-A6E7-72776D6E35F3}"
EndProject
Project("{9A19103F-16F7-4668-BE54-9A1E7A4F7556}") = "School.Infrastructure", "src\Services\School\School.Infrastructure\School.Infrastructure.csproj", "{0FFCA2F5-BB5D-480E-B3E1-645DF3402058}"
EndProject
Project("{9A19103F-16F7-4668-BE54-9A1E7A4F7556}") = "Transportation.Application", "src\Services\Transportation\Transportation.Application\Transportation.Application.csproj", "{F247ED75-662B-465C-BDE1-AE01DDB932EA}"
EndProject
Project("{9A19103F-16F7-4668-BE54-9A1E7A4F7556}") = "Transportation.Domain", "src\Services\Transportation\Transportation.Domain\Transportation.Domain.csproj", "{7E21E30C-6465-4F26-860F-39A509C031C8}"
EndProject
Project("{9A19103F-16F7-4668-BE54-9A1E7A4F7556}") = "Transportation.Infrastructure", "src\Services\Transportation\Transportation.Infrastructure\Transportation.Infrastructure.csproj", "{E6B7D420-97DF-483E-9E2F-91C1F5C810F9}"
EndProject
Global
	GlobalSection(SolutionConfigurationPlatforms) = preSolution
		Debug|Any CPU = Debug|Any CPU
		Release|Any CPU = Release|Any CPU
	EndGlobalSection
	GlobalSection(ProjectConfigurationPlatforms) = postSolution
		{B09B141A-E535-4DAC-B9D0-92E1E2A4BB10}.Debug|Any CPU.ActiveCfg = Debug|Any CPU
		{B09B141A-E535-4DAC-B9D0-92E1E2A4BB10}.Debug|Any CPU.Build.0 = Debug|Any CPU
		{B09B141A-E535-4DAC-B9D0-92E1E2A4BB10}.Release|Any CPU.ActiveCfg = Release|Any CPU
		{B09B141A-E535-4DAC-B9D0-92E1E2A4BB10}.Release|Any CPU.Build.0 = Release|Any CPU
		{A71EB1C7-A53C-42DB-8901-3193D066C7FA}.Debug|Any CPU.ActiveCfg = Debug|Any CPU
		{A71EB1C7-A53C-42DB-8901-3193D066C7FA}.Debug|Any CPU.Build.0 = Debug|Any CPU
		{A71EB1C7-A53C-42DB-8901-3193D066C7FA}.Release|Any CPU.ActiveCfg = Release|Any CPU
		{A71EB1C7-A53C-42DB-8901-3193D066C7FA}.Release|Any CPU.Build.0 = Release|Any CPU
		{B7EAD1BE-24BB-4544-84EE-48DB962EF28C}.Debug|Any CPU.ActiveCfg = Debug|Any CPU
		{B7EAD1BE-24BB-4544-84EE-48DB962EF28C}.Debug|Any CPU.Build.0 = Debug|Any CPU
		{B7EAD1BE-24BB-4544-84EE-48DB962EF28C}.Release|Any CPU.ActiveCfg = Release|Any CPU
		{B7EAD1BE-24BB-4544-84EE-48DB962EF28C}.Release|Any CPU.Build.0 = Release|Any CPU
		{D4763F77-7EAD-4C03-A6E7-72776D6E35F3}.Debug|Any CPU.ActiveCfg = Debug|Any CPU
		{D4763F77-7EAD-4C03-A6E7-72776D6E35F3}.Debug|Any CPU.Build.0 = Debug|Any CPU
		{D4763F77-7EAD-4C03-A6E7-72776D6E35F3}.Release|Any CPU.ActiveCfg = Release|Any CPU
		{D4763F77-7EAD-4C03-A6E7-72776D6E35F3}.Release|Any CPU.Build.0 = Release|Any CPU
		{0FFCA2F5-BB5D-480E-B3E1-645DF3402058}.Debug|Any CPU.ActiveCfg = Debug|Any CPU
		{0FFCA2F5-BB5D-480E-B3E1-645DF3402058}.Debug|Any CPU.Build.0 = Debug|Any CPU
		{0FFCA2F5-BB5D-480E-B3E1-645DF3402058}.Release|Any CPU.ActiveCfg = Release|Any CPU
		{0FFCA2F5-BB5D-480E-B3E1-645DF3402058}.Release|Any CPU.Build.0 = Release|Any CPU
		{F247ED75-662B-465C-BDE1-AE01DDB932EA}.Debug|Any CPU.ActiveCfg = Debug|Any CPU
		{F247ED75-662B-465C-BDE1-AE01DDB932EA}.Debug|Any CPU.Build.0 = Debug|Any CPU
		{F247ED75-662B-465C-BDE1-AE01DDB932EA}.Release|Any CPU.ActiveCfg = Release|Any CPU
		{F247ED75-662B-465C-BDE1-AE01DDB932EA}.Release|Any CPU.Build.0 = Release|Any CPU
		{7E21E30C-6465-4F26-860F-39A509C031C8}.Debug|Any CPU.ActiveCfg = Debug|Any CPU
		{7E21E30C-6465-4F26-860F-39A509C031C8}.Debug|Any CPU.Build.0 = Debug|Any CPU
		{7E21E30C-6465-4F26-860F-39A509C031C8}.Release|Any CPU.ActiveCfg = Release|Any CPU
		{7E21E30C-6465-4F26-860F-39A509C031C8}.Release|Any CPU.Build.0 = Release|Any CPU
		{E6B7D420-97DF-483E-9E2F-91C1F5C810F9}.Debug|Any CPU.ActiveCfg = Debug|Any CPU
		{E6B7D420-97DF-483E-9E2F-91C1F5C810F9}.Debug|Any CPU.Build.0 = Debug|Any CPU
		{E6B7D420-97DF-483E-9E2F-91C1F5C810F9}.Release|Any CPU.ActiveCfg = Release|Any CPU
		{E6B7D420-97DF-483E-9E2F-91C1F5C810F9}.Release|Any CPU.Build.0 = Release|Any CPU
	EndGlobalSection
	GlobalSection(SolutionProperties) = preSolution
		HideSolutionNode = FALSE
	EndGlobalSection
	GlobalSection(NestedProjects) = preSolution
		{711225BC-6DFA-4B87-8CAA-D687788F8B18} = {BDEA4B66-BBAC-4561-8091-D0CC22DF40DE}
		{BDEA4B66-BBAC-4561-8091-D0CC22DF40DE} = {DF23F84E-D8A2-4D1E-8977-E6A724FF37E1}
		{B58E7554-F4E2-4B33-BAA2-C22677762074} = {BDEA4B66-BBAC-4561-8091-D0CC22DF40DE}
		{B09B141A-E535-4DAC-B9D0-92E1E2A4BB10} = {DF23F84E-D8A2-4D1E-8977-E6A724FF37E1}
		{A71EB1C7-A53C-42DB-8901-3193D066C7FA} = {DF23F84E-D8A2-4D1E-8977-E6A724FF37E1}
		{B7EAD1BE-24BB-4544-84EE-48DB962EF28C} = {711225BC-6DFA-4B87-8CAA-D687788F8B18}
		{D4763F77-7EAD-4C03-A6E7-72776D6E35F3} = {711225BC-6DFA-4B87-8CAA-D687788F8B18}
		{0FFCA2F5-BB5D-480E-B3E1-645DF3402058} = {711225BC-6DFA-4B87-8CAA-D687788F8B18}
		{F247ED75-662B-465C-BDE1-AE01DDB932EA} = {B58E7554-F4E2-4B33-BAA2-C22677762074}
		{7E21E30C-6465-4F26-860F-39A509C031C8} = {B58E7554-F4E2-4B33-BAA2-C22677762074}
		{E6B7D420-97DF-483E-9E2F-91C1F5C810F9} = {B58E7554-F4E2-4B33-BAA2-C22677762074}
	EndGlobalSection
	GlobalSection(ExtensibilityGlobals) = postSolution
		SolutionGuid = {2572A1C5-959F-4609-A6B9-E7AA06CEAB37}
	EndGlobalSection
EndGlobal
